
Microsoft Visual Studio Solution File, Format Version 12.00
# Visual Studio Version 17
VisualStudioVersion = 17.7.34221.43
MinimumVisualStudioVersion = 10.0.40219.1
Project("{9A19103F-16F7-4668-BE54-9A1E7A4F7556}") = "SimpleZipNormalizer.CUI", "SimpleZipNormalizer.CUI\SimpleZipNormalizer.CUI.csproj", "{4453364E-BDC6-4E4B-848F-31792B53679F}"
EndProject
Project("{9A19103F-16F7-4668-BE54-9A1E7A4F7556}") = "ZipUtility", "ZipUtility\ZipUtility.csproj", "{C8617EA7-F104-4455-8613-C2767C77C917}"
EndProject
Project("{9A19103F-16F7-4668-BE54-9A1E7A4F7556}") = "Utility", "Utility\Utility.csproj", "{35BC8FFF-9FF8-49DD-8C6D-98940E3E42A8}"
EndProject
Project("{9A19103F-16F7-4668-BE54-9A1E7A4F7556}") = "Utility.IO", "Utility.IO\Utility.IO.csproj", "{7FBDC629-4DB6-4CBA-A5EC-68768F432568}"
EndProject
Project("{9A19103F-16F7-4668-BE54-9A1E7A4F7556}") = "ZipUtility.IO", "ZipUtility.IO\ZipUtility.IO.csproj", "{1429515A-BF9A-4A01-A3A9-6C6AB151460F}"
EndProject
Project("{9A19103F-16F7-4668-BE54-9A1E7A4F7556}") = "ZipUtility.IO.Compression.Deflate", "ZipUtility.IO.Compression.Deflate\ZipUtility.IO.Compression.Deflate.csproj", "{EA8898DA-4994-4806-9FFC-015349043E7F}"
EndProject
Project("{9A19103F-16F7-4668-BE54-9A1E7A4F7556}") = "ZipUtility.IO.Compression", "ZipUtility.IO.Compression\ZipUtility.IO.Compression.csproj", "{544E6502-3138-45BB-AFEC-1DFB2D21FE1E}"
EndProject
Project("{9A19103F-16F7-4668-BE54-9A1E7A4F7556}") = "Utility.Numerics", "Utility.Numerics\Utility.Numerics.csproj", "{E39D863B-28A6-46D7-B85A-453A0DA907EA}"
EndProject
Project("{9A19103F-16F7-4668-BE54-9A1E7A4F7556}") = "Experiment01", "Experiment01\Experiment01.csproj", "{14340A9E-DF94-46E7-A63F-F67A30023091}"
EndProject
Project("{9A19103F-16F7-4668-BE54-9A1E7A4F7556}") = "Experiment.Xceed.CSharp001", "Experiment.Xceed.CSharp001\Experiment.Xceed.CSharp001.csproj", "{31E464B3-41A6-44B1-88F1-82B47E2FA96F}"
EndProject
Project("{FAE04EC0-301F-11D3-BF4B-00C04F79EFBC}") = "Experiment.Xceed.CSharp002", "Experiment.Xceed.CSharp002\Experiment.Xceed.CSharp002.csproj", "{690488C8-B64E-4F39-AE4D-7994A8313EB9}"
EndProject
Global
	GlobalSection(SolutionConfigurationPlatforms) = preSolution
		Debug|Any CPU = Debug|Any CPU
		Debug|x64 = Debug|x64
		Debug|x86 = Debug|x86
		Release|Any CPU = Release|Any CPU
		Release|x64 = Release|x64
		Release|x86 = Release|x86
	EndGlobalSection
	GlobalSection(ProjectConfigurationPlatforms) = postSolution
		{4453364E-BDC6-4E4B-848F-31792B53679F}.Debug|Any CPU.ActiveCfg = Debug|Any CPU
		{4453364E-BDC6-4E4B-848F-31792B53679F}.Debug|Any CPU.Build.0 = Debug|Any CPU
		{4453364E-BDC6-4E4B-848F-31792B53679F}.Debug|x64.ActiveCfg = Debug|Any CPU
		{4453364E-BDC6-4E4B-848F-31792B53679F}.Debug|x64.Build.0 = Debug|Any CPU
		{4453364E-BDC6-4E4B-848F-31792B53679F}.Debug|x86.ActiveCfg = Debug|Any CPU
		{4453364E-BDC6-4E4B-848F-31792B53679F}.Debug|x86.Build.0 = Debug|Any CPU
		{4453364E-BDC6-4E4B-848F-31792B53679F}.Release|Any CPU.ActiveCfg = Release|Any CPU
		{4453364E-BDC6-4E4B-848F-31792B53679F}.Release|Any CPU.Build.0 = Release|Any CPU
		{4453364E-BDC6-4E4B-848F-31792B53679F}.Release|x64.ActiveCfg = Release|Any CPU
		{4453364E-BDC6-4E4B-848F-31792B53679F}.Release|x64.Build.0 = Release|Any CPU
		{4453364E-BDC6-4E4B-848F-31792B53679F}.Release|x86.ActiveCfg = Release|Any CPU
		{4453364E-BDC6-4E4B-848F-31792B53679F}.Release|x86.Build.0 = Release|Any CPU
		{C8617EA7-F104-4455-8613-C2767C77C917}.Debug|Any CPU.ActiveCfg = Debug|Any CPU
		{C8617EA7-F104-4455-8613-C2767C77C917}.Debug|Any CPU.Build.0 = Debug|Any CPU
		{C8617EA7-F104-4455-8613-C2767C77C917}.Debug|x64.ActiveCfg = Debug|Any CPU
		{C8617EA7-F104-4455-8613-C2767C77C917}.Debug|x64.Build.0 = Debug|Any CPU
		{C8617EA7-F104-4455-8613-C2767C77C917}.Debug|x86.ActiveCfg = Debug|Any CPU
		{C8617EA7-F104-4455-8613-C2767C77C917}.Debug|x86.Build.0 = Debug|Any CPU
		{C8617EA7-F104-4455-8613-C2767C77C917}.Release|Any CPU.ActiveCfg = Release|Any CPU
		{C8617EA7-F104-4455-8613-C2767C77C917}.Release|Any CPU.Build.0 = Release|Any CPU
		{C8617EA7-F104-4455-8613-C2767C77C917}.Release|x64.ActiveCfg = Release|Any CPU
		{C8617EA7-F104-4455-8613-C2767C77C917}.Release|x64.Build.0 = Release|Any CPU
		{C8617EA7-F104-4455-8613-C2767C77C917}.Release|x86.ActiveCfg = Release|Any CPU
		{C8617EA7-F104-4455-8613-C2767C77C917}.Release|x86.Build.0 = Release|Any CPU
		{35BC8FFF-9FF8-49DD-8C6D-98940E3E42A8}.Debug|Any CPU.ActiveCfg = Debug|Any CPU
		{35BC8FFF-9FF8-49DD-8C6D-98940E3E42A8}.Debug|Any CPU.Build.0 = Debug|Any CPU
		{35BC8FFF-9FF8-49DD-8C6D-98940E3E42A8}.Debug|x64.ActiveCfg = Debug|Any CPU
		{35BC8FFF-9FF8-49DD-8C6D-98940E3E42A8}.Debug|x64.Build.0 = Debug|Any CPU
		{35BC8FFF-9FF8-49DD-8C6D-98940E3E42A8}.Debug|x86.ActiveCfg = Debug|Any CPU
		{35BC8FFF-9FF8-49DD-8C6D-98940E3E42A8}.Debug|x86.Build.0 = Debug|Any CPU
		{35BC8FFF-9FF8-49DD-8C6D-98940E3E42A8}.Release|Any CPU.ActiveCfg = Release|Any CPU
		{35BC8FFF-9FF8-49DD-8C6D-98940E3E42A8}.Release|Any CPU.Build.0 = Release|Any CPU
		{35BC8FFF-9FF8-49DD-8C6D-98940E3E42A8}.Release|x64.ActiveCfg = Release|Any CPU
		{35BC8FFF-9FF8-49DD-8C6D-98940E3E42A8}.Release|x64.Build.0 = Release|Any CPU
		{35BC8FFF-9FF8-49DD-8C6D-98940E3E42A8}.Release|x86.ActiveCfg = Release|Any CPU
		{35BC8FFF-9FF8-49DD-8C6D-98940E3E42A8}.Release|x86.Build.0 = Release|Any CPU
		{7FBDC629-4DB6-4CBA-A5EC-68768F432568}.Debug|Any CPU.ActiveCfg = Debug|Any CPU
		{7FBDC629-4DB6-4CBA-A5EC-68768F432568}.Debug|Any CPU.Build.0 = Debug|Any CPU
		{7FBDC629-4DB6-4CBA-A5EC-68768F432568}.Debug|x64.ActiveCfg = Debug|Any CPU
		{7FBDC629-4DB6-4CBA-A5EC-68768F432568}.Debug|x64.Build.0 = Debug|Any CPU
		{7FBDC629-4DB6-4CBA-A5EC-68768F432568}.Debug|x86.ActiveCfg = Debug|Any CPU
		{7FBDC629-4DB6-4CBA-A5EC-68768F432568}.Debug|x86.Build.0 = Debug|Any CPU
		{7FBDC629-4DB6-4CBA-A5EC-68768F432568}.Release|Any CPU.ActiveCfg = Release|Any CPU
		{7FBDC629-4DB6-4CBA-A5EC-68768F432568}.Release|Any CPU.Build.0 = Release|Any CPU
		{7FBDC629-4DB6-4CBA-A5EC-68768F432568}.Release|x64.ActiveCfg = Release|Any CPU
		{7FBDC629-4DB6-4CBA-A5EC-68768F432568}.Release|x64.Build.0 = Release|Any CPU
		{7FBDC629-4DB6-4CBA-A5EC-68768F432568}.Release|x86.ActiveCfg = Release|Any CPU
		{7FBDC629-4DB6-4CBA-A5EC-68768F432568}.Release|x86.Build.0 = Release|Any CPU
		{1429515A-BF9A-4A01-A3A9-6C6AB151460F}.Debug|Any CPU.ActiveCfg = Debug|Any CPU
		{1429515A-BF9A-4A01-A3A9-6C6AB151460F}.Debug|Any CPU.Build.0 = Debug|Any CPU
		{1429515A-BF9A-4A01-A3A9-6C6AB151460F}.Debug|x64.ActiveCfg = Debug|Any CPU
		{1429515A-BF9A-4A01-A3A9-6C6AB151460F}.Debug|x64.Build.0 = Debug|Any CPU
		{1429515A-BF9A-4A01-A3A9-6C6AB151460F}.Debug|x86.ActiveCfg = Debug|Any CPU
		{1429515A-BF9A-4A01-A3A9-6C6AB151460F}.Debug|x86.Build.0 = Debug|Any CPU
		{1429515A-BF9A-4A01-A3A9-6C6AB151460F}.Release|Any CPU.ActiveCfg = Release|Any CPU
		{1429515A-BF9A-4A01-A3A9-6C6AB151460F}.Release|Any CPU.Build.0 = Release|Any CPU
		{1429515A-BF9A-4A01-A3A9-6C6AB151460F}.Release|x64.ActiveCfg = Release|Any CPU
		{1429515A-BF9A-4A01-A3A9-6C6AB151460F}.Release|x64.Build.0 = Release|Any CPU
		{1429515A-BF9A-4A01-A3A9-6C6AB151460F}.Release|x86.ActiveCfg = Release|Any CPU
		{1429515A-BF9A-4A01-A3A9-6C6AB151460F}.Release|x86.Build.0 = Release|Any CPU
		{EA8898DA-4994-4806-9FFC-015349043E7F}.Debug|Any CPU.ActiveCfg = Debug|Any CPU
		{EA8898DA-4994-4806-9FFC-015349043E7F}.Debug|Any CPU.Build.0 = Debug|Any CPU
		{EA8898DA-4994-4806-9FFC-015349043E7F}.Debug|x64.ActiveCfg = Debug|Any CPU
		{EA8898DA-4994-4806-9FFC-015349043E7F}.Debug|x64.Build.0 = Debug|Any CPU
		{EA8898DA-4994-4806-9FFC-015349043E7F}.Debug|x86.ActiveCfg = Debug|Any CPU
		{EA8898DA-4994-4806-9FFC-015349043E7F}.Debug|x86.Build.0 = Debug|Any CPU
		{EA8898DA-4994-4806-9FFC-015349043E7F}.Release|Any CPU.ActiveCfg = Release|Any CPU
		{EA8898DA-4994-4806-9FFC-015349043E7F}.Release|Any CPU.Build.0 = Release|Any CPU
		{EA8898DA-4994-4806-9FFC-015349043E7F}.Release|x64.ActiveCfg = Release|Any CPU
		{EA8898DA-4994-4806-9FFC-015349043E7F}.Release|x64.Build.0 = Release|Any CPU
		{EA8898DA-4994-4806-9FFC-015349043E7F}.Release|x86.ActiveCfg = Release|Any CPU
		{EA8898DA-4994-4806-9FFC-015349043E7F}.Release|x86.Build.0 = Release|Any CPU
		{544E6502-3138-45BB-AFEC-1DFB2D21FE1E}.Debug|Any CPU.ActiveCfg = Debug|Any CPU
		{544E6502-3138-45BB-AFEC-1DFB2D21FE1E}.Debug|Any CPU.Build.0 = Debug|Any CPU
		{544E6502-3138-45BB-AFEC-1DFB2D21FE1E}.Debug|x64.ActiveCfg = Debug|Any CPU
		{544E6502-3138-45BB-AFEC-1DFB2D21FE1E}.Debug|x64.Build.0 = Debug|Any CPU
		{544E6502-3138-45BB-AFEC-1DFB2D21FE1E}.Debug|x86.ActiveCfg = Debug|Any CPU
		{544E6502-3138-45BB-AFEC-1DFB2D21FE1E}.Debug|x86.Build.0 = Debug|Any CPU
		{544E6502-3138-45BB-AFEC-1DFB2D21FE1E}.Release|Any CPU.ActiveCfg = Release|Any CPU
		{544E6502-3138-45BB-AFEC-1DFB2D21FE1E}.Release|Any CPU.Build.0 = Release|Any CPU
		{544E6502-3138-45BB-AFEC-1DFB2D21FE1E}.Release|x64.ActiveCfg = Release|Any CPU
		{544E6502-3138-45BB-AFEC-1DFB2D21FE1E}.Release|x64.Build.0 = Release|Any CPU
		{544E6502-3138-45BB-AFEC-1DFB2D21FE1E}.Release|x86.ActiveCfg = Release|Any CPU
		{544E6502-3138-45BB-AFEC-1DFB2D21FE1E}.Release|x86.Build.0 = Release|Any CPU
		{E39D863B-28A6-46D7-B85A-453A0DA907EA}.Debug|Any CPU.ActiveCfg = Debug|Any CPU
		{E39D863B-28A6-46D7-B85A-453A0DA907EA}.Debug|Any CPU.Build.0 = Debug|Any CPU
		{E39D863B-28A6-46D7-B85A-453A0DA907EA}.Debug|x64.ActiveCfg = Debug|Any CPU
		{E39D863B-28A6-46D7-B85A-453A0DA907EA}.Debug|x64.Build.0 = Debug|Any CPU
		{E39D863B-28A6-46D7-B85A-453A0DA907EA}.Debug|x86.ActiveCfg = Debug|Any CPU
		{E39D863B-28A6-46D7-B85A-453A0DA907EA}.Debug|x86.Build.0 = Debug|Any CPU
		{E39D863B-28A6-46D7-B85A-453A0DA907EA}.Release|Any CPU.ActiveCfg = Release|Any CPU
		{E39D863B-28A6-46D7-B85A-453A0DA907EA}.Release|Any CPU.Build.0 = Release|Any CPU
		{E39D863B-28A6-46D7-B85A-453A0DA907EA}.Release|x64.ActiveCfg = Release|Any CPU
		{E39D863B-28A6-46D7-B85A-453A0DA907EA}.Release|x64.Build.0 = Release|Any CPU
		{E39D863B-28A6-46D7-B85A-453A0DA907EA}.Release|x86.ActiveCfg = Release|Any CPU
		{E39D863B-28A6-46D7-B85A-453A0DA907EA}.Release|x86.Build.0 = Release|Any CPU
		{14340A9E-DF94-46E7-A63F-F67A30023091}.Debug|Any CPU.ActiveCfg = Debug|Any CPU
		{14340A9E-DF94-46E7-A63F-F67A30023091}.Debug|Any CPU.Build.0 = Debug|Any CPU
		{14340A9E-DF94-46E7-A63F-F67A30023091}.Debug|x64.ActiveCfg = Debug|Any CPU
		{14340A9E-DF94-46E7-A63F-F67A30023091}.Debug|x64.Build.0 = Debug|Any CPU
		{14340A9E-DF94-46E7-A63F-F67A30023091}.Debug|x86.ActiveCfg = Debug|Any CPU
		{14340A9E-DF94-46E7-A63F-F67A30023091}.Debug|x86.Build.0 = Debug|Any CPU
		{14340A9E-DF94-46E7-A63F-F67A30023091}.Release|Any CPU.ActiveCfg = Release|Any CPU
		{14340A9E-DF94-46E7-A63F-F67A30023091}.Release|Any CPU.Build.0 = Release|Any CPU
		{14340A9E-DF94-46E7-A63F-F67A30023091}.Release|x64.ActiveCfg = Release|Any CPU
		{14340A9E-DF94-46E7-A63F-F67A30023091}.Release|x64.Build.0 = Release|Any CPU
		{14340A9E-DF94-46E7-A63F-F67A30023091}.Release|x86.ActiveCfg = Release|Any CPU
		{14340A9E-DF94-46E7-A63F-F67A30023091}.Release|x86.Build.0 = Release|Any CPU
		{31E464B3-41A6-44B1-88F1-82B47E2FA96F}.Debug|Any CPU.ActiveCfg = Debug|Any CPU
		{31E464B3-41A6-44B1-88F1-82B47E2FA96F}.Debug|Any CPU.Build.0 = Debug|Any CPU
		{31E464B3-41A6-44B1-88F1-82B47E2FA96F}.Debug|x64.ActiveCfg = Debug|Any CPU
		{31E464B3-41A6-44B1-88F1-82B47E2FA96F}.Debug|x64.Build.0 = Debug|Any CPU
		{31E464B3-41A6-44B1-88F1-82B47E2FA96F}.Debug|x86.ActiveCfg = Debug|Any CPU
		{31E464B3-41A6-44B1-88F1-82B47E2FA96F}.Debug|x86.Build.0 = Debug|Any CPU
		{31E464B3-41A6-44B1-88F1-82B47E2FA96F}.Release|Any CPU.ActiveCfg = Release|Any CPU
		{31E464B3-41A6-44B1-88F1-82B47E2FA96F}.Release|Any CPU.Build.0 = Release|Any CPU
		{31E464B3-41A6-44B1-88F1-82B47E2FA96F}.Release|x64.ActiveCfg = Release|Any CPU
		{31E464B3-41A6-44B1-88F1-82B47E2FA96F}.Release|x64.Build.0 = Release|Any CPU
		{31E464B3-41A6-44B1-88F1-82B47E2FA96F}.Release|x86.ActiveCfg = Release|Any CPU
		{31E464B3-41A6-44B1-88F1-82B47E2FA96F}.Release|x86.Build.0 = Release|Any CPU
		{690488C8-B64E-4F39-AE4D-7994A8313EB9}.Debug|Any CPU.ActiveCfg = Debug|Any CPU
		{690488C8-B64E-4F39-AE4D-7994A8313EB9}.Debug|Any CPU.Build.0 = Debug|Any CPU
		{690488C8-B64E-4F39-AE4D-7994A8313EB9}.Debug|x64.ActiveCfg = Debug|Any CPU
		{690488C8-B64E-4F39-AE4D-7994A8313EB9}.Debug|x64.Build.0 = Debug|Any CPU
		{690488C8-B64E-4F39-AE4D-7994A8313EB9}.Debug|x86.ActiveCfg = Debug|Any CPU
		{690488C8-B64E-4F39-AE4D-7994A8313EB9}.Debug|x86.Build.0 = Debug|Any CPU
		{690488C8-B64E-4F39-AE4D-7994A8313EB9}.Release|Any CPU.ActiveCfg = Release|Any CPU
		{690488C8-B64E-4F39-AE4D-7994A8313EB9}.Release|Any CPU.Build.0 = Release|Any CPU
		{690488C8-B64E-4F39-AE4D-7994A8313EB9}.Release|x64.ActiveCfg = Release|Any CPU
		{690488C8-B64E-4F39-AE4D-7994A8313EB9}.Release|x64.Build.0 = Release|Any CPU
		{690488C8-B64E-4F39-AE4D-7994A8313EB9}.Release|x86.ActiveCfg = Release|Any CPU
		{690488C8-B64E-4F39-AE4D-7994A8313EB9}.Release|x86.Build.0 = Release|Any CPU
	EndGlobalSection
	GlobalSection(SolutionProperties) = preSolution
		HideSolutionNode = FALSE
	EndGlobalSection
	GlobalSection(ExtensibilityGlobals) = postSolution
		SolutionGuid = {9BD8920D-4FF7-4AB2-90C3-25C2BAAF5C3F}
	EndGlobalSection
EndGlobal
