
Microsoft Visual Studio Solution File, Format Version 12.00
# Visual Studio Version 17
VisualStudioVersion = 17.7.34221.43
MinimumVisualStudioVersion = 10.0.40219.1
Project("{9A19103F-16F7-4668-BE54-9A1E7A4F7556}") = "SimpleZipNormalizer.CUI", "SimpleZipNormalizer.CUI\SimpleZipNormalizer.CUI.csproj", "{4453364E-BDC6-4E4B-848F-31792B53679F}"
EndProject
Project("{9A19103F-16F7-4668-BE54-9A1E7A4F7556}") = "Experiment01", "Experiment01\Experiment01.csproj", "{14340A9E-DF94-46E7-A63F-F67A30023091}"
EndProject
Project("{9A19103F-16F7-4668-BE54-9A1E7A4F7556}") = "Experiment02", "Experiment02\Experiment02.csproj", "{B822BA58-7D2E-4719-9441-9B1454C80F3F}"
EndProject
Project("{9A19103F-16F7-4668-BE54-9A1E7A4F7556}") = "SimpleZipNormalizer.WindowsDesktop", "SimpleZipNormalizer.WindowsDesktop\SimpleZipNormalizer.WindowsDesktop.csproj", "{A1AC9FB8-77AE-45E7-A256-12ADA43B8062}"
EndProject
Project("{FAE04EC0-301F-11D3-BF4B-00C04F79EFBC}") = "SimpleZipNormalizer", "SimpleZipNormalizer\SimpleZipNormalizer.csproj", "{EACC31CF-7976-475A-B4A8-DBB2E1FFB62B}"
EndProject
Global
	GlobalSection(SolutionConfigurationPlatforms) = preSolution
		Debug|Any CPU = Debug|Any CPU
		Debug|x64 = Debug|x64
		Debug|x86 = Debug|x86
		Release|Any CPU = Release|Any CPU
		Release|x64 = Release|x64
		Release|x86 = Release|x86
	EndGlobalSection
	GlobalSection(ProjectConfigurationPlatforms) = postSolution
		{4453364E-BDC6-4E4B-848F-31792B53679F}.Debug|Any CPU.ActiveCfg = Debug|Any CPU
		{4453364E-BDC6-4E4B-848F-31792B53679F}.Debug|Any CPU.Build.0 = Debug|Any CPU
		{4453364E-BDC6-4E4B-848F-31792B53679F}.Debug|x64.ActiveCfg = Debug|Any CPU
		{4453364E-BDC6-4E4B-848F-31792B53679F}.Debug|x64.Build.0 = Debug|Any CPU
		{4453364E-BDC6-4E4B-848F-31792B53679F}.Debug|x86.ActiveCfg = Debug|Any CPU
		{4453364E-BDC6-4E4B-848F-31792B53679F}.Debug|x86.Build.0 = Debug|Any CPU
		{4453364E-BDC6-4E4B-848F-31792B53679F}.Release|Any CPU.ActiveCfg = Release|Any CPU
		{4453364E-BDC6-4E4B-848F-31792B53679F}.Release|Any CPU.Build.0 = Release|Any CPU
		{4453364E-BDC6-4E4B-848F-31792B53679F}.Release|x64.ActiveCfg = Release|Any CPU
		{4453364E-BDC6-4E4B-848F-31792B53679F}.Release|x64.Build.0 = Release|Any CPU
		{4453364E-BDC6-4E4B-848F-31792B53679F}.Release|x86.ActiveCfg = Release|Any CPU
		{4453364E-BDC6-4E4B-848F-31792B53679F}.Release|x86.Build.0 = Release|Any CPU
		{14340A9E-DF94-46E7-A63F-F67A30023091}.Debug|Any CPU.ActiveCfg = Debug|Any CPU
		{14340A9E-DF94-46E7-A63F-F67A30023091}.Debug|Any CPU.Build.0 = Debug|Any CPU
		{14340A9E-DF94-46E7-A63F-F67A30023091}.Debug|x64.ActiveCfg = Debug|Any CPU
		{14340A9E-DF94-46E7-A63F-F67A30023091}.Debug|x64.Build.0 = Debug|Any CPU
		{14340A9E-DF94-46E7-A63F-F67A30023091}.Debug|x86.ActiveCfg = Debug|Any CPU
		{14340A9E-DF94-46E7-A63F-F67A30023091}.Debug|x86.Build.0 = Debug|Any CPU
		{14340A9E-DF94-46E7-A63F-F67A30023091}.Release|Any CPU.ActiveCfg = Release|Any CPU
		{14340A9E-DF94-46E7-A63F-F67A30023091}.Release|Any CPU.Build.0 = Release|Any CPU
		{14340A9E-DF94-46E7-A63F-F67A30023091}.Release|x64.ActiveCfg = Release|Any CPU
		{14340A9E-DF94-46E7-A63F-F67A30023091}.Release|x64.Build.0 = Release|Any CPU
		{14340A9E-DF94-46E7-A63F-F67A30023091}.Release|x86.ActiveCfg = Release|Any CPU
		{14340A9E-DF94-46E7-A63F-F67A30023091}.Release|x86.Build.0 = Release|Any CPU
		{B822BA58-7D2E-4719-9441-9B1454C80F3F}.Debug|Any CPU.ActiveCfg = Debug|Any CPU
		{B822BA58-7D2E-4719-9441-9B1454C80F3F}.Debug|Any CPU.Build.0 = Debug|Any CPU
		{B822BA58-7D2E-4719-9441-9B1454C80F3F}.Debug|x64.ActiveCfg = Debug|Any CPU
		{B822BA58-7D2E-4719-9441-9B1454C80F3F}.Debug|x64.Build.0 = Debug|Any CPU
		{B822BA58-7D2E-4719-9441-9B1454C80F3F}.Debug|x86.ActiveCfg = Debug|Any CPU
		{B822BA58-7D2E-4719-9441-9B1454C80F3F}.Debug|x86.Build.0 = Debug|Any CPU
		{B822BA58-7D2E-4719-9441-9B1454C80F3F}.Release|Any CPU.ActiveCfg = Release|Any CPU
		{B822BA58-7D2E-4719-9441-9B1454C80F3F}.Release|Any CPU.Build.0 = Release|Any CPU
		{B822BA58-7D2E-4719-9441-9B1454C80F3F}.Release|x64.ActiveCfg = Release|Any CPU
		{B822BA58-7D2E-4719-9441-9B1454C80F3F}.Release|x64.Build.0 = Release|Any CPU
		{B822BA58-7D2E-4719-9441-9B1454C80F3F}.Release|x86.ActiveCfg = Release|Any CPU
		{B822BA58-7D2E-4719-9441-9B1454C80F3F}.Release|x86.Build.0 = Release|Any CPU
		{A1AC9FB8-77AE-45E7-A256-12ADA43B8062}.Debug|Any CPU.ActiveCfg = Debug|Any CPU
		{A1AC9FB8-77AE-45E7-A256-12ADA43B8062}.Debug|Any CPU.Build.0 = Debug|Any CPU
		{A1AC9FB8-77AE-45E7-A256-12ADA43B8062}.Debug|x64.ActiveCfg = Debug|Any CPU
		{A1AC9FB8-77AE-45E7-A256-12ADA43B8062}.Debug|x64.Build.0 = Debug|Any CPU
		{A1AC9FB8-77AE-45E7-A256-12ADA43B8062}.Debug|x86.ActiveCfg = Debug|Any CPU
		{A1AC9FB8-77AE-45E7-A256-12ADA43B8062}.Debug|x86.Build.0 = Debug|Any CPU
		{A1AC9FB8-77AE-45E7-A256-12ADA43B8062}.Release|Any CPU.ActiveCfg = Release|Any CPU
		{A1AC9FB8-77AE-45E7-A256-12ADA43B8062}.Release|Any CPU.Build.0 = Release|Any CPU
		{A1AC9FB8-77AE-45E7-A256-12ADA43B8062}.Release|x64.ActiveCfg = Release|Any CPU
		{A1AC9FB8-77AE-45E7-A256-12ADA43B8062}.Release|x64.Build.0 = Release|Any CPU
		{A1AC9FB8-77AE-45E7-A256-12ADA43B8062}.Release|x86.ActiveCfg = Release|Any CPU
		{A1AC9FB8-77AE-45E7-A256-12ADA43B8062}.Release|x86.Build.0 = Release|Any CPU
		{EACC31CF-7976-475A-B4A8-DBB2E1FFB62B}.Debug|Any CPU.ActiveCfg = Debug|Any CPU
		{EACC31CF-7976-475A-B4A8-DBB2E1FFB62B}.Debug|Any CPU.Build.0 = Debug|Any CPU
		{EACC31CF-7976-475A-B4A8-DBB2E1FFB62B}.Debug|x64.ActiveCfg = Debug|Any CPU
		{EACC31CF-7976-475A-B4A8-DBB2E1FFB62B}.Debug|x64.Build.0 = Debug|Any CPU
		{EACC31CF-7976-475A-B4A8-DBB2E1FFB62B}.Debug|x86.ActiveCfg = Debug|Any CPU
		{EACC31CF-7976-475A-B4A8-DBB2E1FFB62B}.Debug|x86.Build.0 = Debug|Any CPU
		{EACC31CF-7976-475A-B4A8-DBB2E1FFB62B}.Release|Any CPU.ActiveCfg = Release|Any CPU
		{EACC31CF-7976-475A-B4A8-DBB2E1FFB62B}.Release|Any CPU.Build.0 = Release|Any CPU
		{EACC31CF-7976-475A-B4A8-DBB2E1FFB62B}.Release|x64.ActiveCfg = Release|Any CPU
		{EACC31CF-7976-475A-B4A8-DBB2E1FFB62B}.Release|x64.Build.0 = Release|Any CPU
		{EACC31CF-7976-475A-B4A8-DBB2E1FFB62B}.Release|x86.ActiveCfg = Release|Any CPU
		{EACC31CF-7976-475A-B4A8-DBB2E1FFB62B}.Release|x86.Build.0 = Release|Any CPU
	EndGlobalSection
	GlobalSection(SolutionProperties) = preSolution
		HideSolutionNode = FALSE
	EndGlobalSection
	GlobalSection(ExtensibilityGlobals) = postSolution
		SolutionGuid = {9BD8920D-4FF7-4AB2-90C3-25C2BAAF5C3F}
	EndGlobalSection
EndGlobal
